# @generated by Move, please check-in and do not edit manually.

[move]
version = 0
manifest_digest = "D92C0CFD0A79FD6CE8B92A72FA879AC54DA8FD4F7D2B51F594AA213B9E068FF6"
deps_digest = "3C4103934B1E040BB6B23F1D610B4EF9F2F1166A50A104EADCF77467C004C600"

dependencies = [
  { name = "Mgo" },
  { name = "MoveStdlib" },
]

[[move.package]]
name = "Mgo"
source = { local = "../../../../mgo-devnet/mgo-framework" }

dependencies = [
  { name = "MoveStdlib" },
]

[[move.package]]
name = "MoveStdlib"
source = { local = "../../../../mgo-devnet/move-stdlib" }

[move.toolchain-version]
compiler-version = "1.0.0"
edition = "legacy"
flavor = "mgo"
